
Microsoft Visual Studio Solution File, Format Version 12.00
# Visual Studio Version 16
VisualStudioVersion = 16.0.29209.62
MinimumVisualStudioVersion = 10.0.40219.1
Project("{FAE04EC0-301F-11D3-BF4B-00C04F79EFBC}") = "SneakerShopAPI", "SneakerShopAPI.csproj", "{8D798AA6-480C-4EE7-BCFB-8E6165C4CC7B}"
EndProject
Global
	GlobalSection(SolutionConfigurationPlatforms) = preSolution
		Debug|Any CPU = Debug|Any CPU
		Release|Any CPU = Release|Any CPU
	EndGlobalSection
	GlobalSection(ProjectConfigurationPlatforms) = postSolution
		{8D798AA6-480C-4EE7-BCFB-8E6165C4CC7B}.Debug|Any CPU.ActiveCfg = Debug|Any CPU
		{8D798AA6-480C-4EE7-BCFB-8E6165C4CC7B}.Debug|Any CPU.Build.0 = Debug|Any CPU
		{8D798AA6-480C-4EE7-BCFB-8E6165C4CC7B}.Release|Any CPU.ActiveCfg = Release|Any CPU
		{8D798AA6-480C-4EE7-BCFB-8E6165C4CC7B}.Release|Any CPU.Build.0 = Release|Any CPU
	EndGlobalSection
	GlobalSection(SolutionProperties) = preSolution
		HideSolutionNode = FALSE
	EndGlobalSection
	GlobalSection(ExtensibilityGlobals) = postSolution
		SolutionGuid = {96BFB7F8-38B1-4CFB-A7C2-484695200B7B}
	EndGlobalSection
EndGlobal
